
Microsoft Visual Studio Solution File, Format Version 12.00
# Visual Studio Version 17
VisualStudioVersion = 17.0.31912.275
MinimumVisualStudioVersion = 10.0.40219.1
Project("{FAE04EC0-301F-11D3-BF4B-00C04F79EFBC}") = "Notes.Android", "Notes\Notes.Android\Notes.Android.csproj", "{A3561032-1372-4297-BDEA-04C688CF31CB}"
EndProject
Project("{FAE04EC0-301F-11D3-BF4B-00C04F79EFBC}") = "Notes.iOS", "Notes\Notes.iOS\Notes.iOS.csproj", "{FA45111B-6CAC-4A85-B450-D9DC561B5D79}"
EndProject
Project("{FAE04EC0-301F-11D3-BF4B-00C04F79EFBC}") = "Notes", "Notes\Notes\Notes.csproj", "{D0FF0CEC-77AB-44A4-A9AC-14F950B93E74}"
EndProject
Global
	GlobalSection(SolutionConfigurationPlatforms) = preSolution
		Debug|Any CPU = Debug|Any CPU
		Debug|iPhone = Debug|iPhone
		Debug|iPhoneSimulator = Debug|iPhoneSimulator
		Release|Any CPU = Release|Any CPU
		Release|iPhone = Release|iPhone
		Release|iPhoneSimulator = Release|iPhoneSimulator
	EndGlobalSection
	GlobalSection(ProjectConfigurationPlatforms) = postSolution
		{A3561032-1372-4297-BDEA-04C688CF31CB}.Debug|Any CPU.ActiveCfg = Debug|Any CPU
		{A3561032-1372-4297-BDEA-04C688CF31CB}.Debug|Any CPU.Build.0 = Debug|Any CPU
		{A3561032-1372-4297-BDEA-04C688CF31CB}.Debug|Any CPU.Deploy.0 = Debug|Any CPU
		{A3561032-1372-4297-BDEA-04C688CF31CB}.Debug|iPhone.ActiveCfg = Debug|Any CPU
		{A3561032-1372-4297-BDEA-04C688CF31CB}.Debug|iPhone.Build.0 = Debug|Any CPU
		{A3561032-1372-4297-BDEA-04C688CF31CB}.Debug|iPhone.Deploy.0 = Debug|Any CPU
		{A3561032-1372-4297-BDEA-04C688CF31CB}.Debug|iPhoneSimulator.ActiveCfg = Debug|Any CPU
		{A3561032-1372-4297-BDEA-04C688CF31CB}.Debug|iPhoneSimulator.Build.0 = Debug|Any CPU
		{A3561032-1372-4297-BDEA-04C688CF31CB}.Debug|iPhoneSimulator.Deploy.0 = Debug|Any CPU
		{A3561032-1372-4297-BDEA-04C688CF31CB}.Release|Any CPU.ActiveCfg = Release|Any CPU
		{A3561032-1372-4297-BDEA-04C688CF31CB}.Release|Any CPU.Build.0 = Release|Any CPU
		{A3561032-1372-4297-BDEA-04C688CF31CB}.Release|Any CPU.Deploy.0 = Release|Any CPU
		{A3561032-1372-4297-BDEA-04C688CF31CB}.Release|iPhone.ActiveCfg = Release|Any CPU
		{A3561032-1372-4297-BDEA-04C688CF31CB}.Release|iPhone.Build.0 = Release|Any CPU
		{A3561032-1372-4297-BDEA-04C688CF31CB}.Release|iPhone.Deploy.0 = Release|Any CPU
		{A3561032-1372-4297-BDEA-04C688CF31CB}.Release|iPhoneSimulator.ActiveCfg = Release|Any CPU
		{A3561032-1372-4297-BDEA-04C688CF31CB}.Release|iPhoneSimulator.Build.0 = Release|Any CPU
		{A3561032-1372-4297-BDEA-04C688CF31CB}.Release|iPhoneSimulator.Deploy.0 = Release|Any CPU
		{FA45111B-6CAC-4A85-B450-D9DC561B5D79}.Debug|Any CPU.ActiveCfg = Debug|iPhone
		{FA45111B-6CAC-4A85-B450-D9DC561B5D79}.Debug|Any CPU.Build.0 = Debug|iPhone
		{FA45111B-6CAC-4A85-B450-D9DC561B5D79}.Debug|Any CPU.Deploy.0 = Debug|iPhone
		{FA45111B-6CAC-4A85-B450-D9DC561B5D79}.Debug|iPhone.ActiveCfg = Debug|iPhone
		{FA45111B-6CAC-4A85-B450-D9DC561B5D79}.Debug|iPhone.Build.0 = Debug|iPhone
		{FA45111B-6CAC-4A85-B450-D9DC561B5D79}.Debug|iPhone.Deploy.0 = Debug|iPhone
		{FA45111B-6CAC-4A85-B450-D9DC561B5D79}.Debug|iPhoneSimulator.ActiveCfg = Debug|iPhoneSimulator
		{FA45111B-6CAC-4A85-B450-D9DC561B5D79}.Debug|iPhoneSimulator.Build.0 = Debug|iPhoneSimulator
		{FA45111B-6CAC-4A85-B450-D9DC561B5D79}.Debug|iPhoneSimulator.Deploy.0 = Debug|iPhoneSimulator
		{FA45111B-6CAC-4A85-B450-D9DC561B5D79}.Release|Any CPU.ActiveCfg = Release|iPhoneSimulator
		{FA45111B-6CAC-4A85-B450-D9DC561B5D79}.Release|Any CPU.Build.0 = Release|iPhoneSimulator
		{FA45111B-6CAC-4A85-B450-D9DC561B5D79}.Release|Any CPU.Deploy.0 = Release|iPhoneSimulator
		{FA45111B-6CAC-4A85-B450-D9DC561B5D79}.Release|iPhone.ActiveCfg = Release|iPhone
		{FA45111B-6CAC-4A85-B450-D9DC561B5D79}.Release|iPhone.Build.0 = Release|iPhone
		{FA45111B-6CAC-4A85-B450-D9DC561B5D79}.Release|iPhone.Deploy.0 = Release|iPhone
		{FA45111B-6CAC-4A85-B450-D9DC561B5D79}.Release|iPhoneSimulator.ActiveCfg = Release|iPhoneSimulator
		{FA45111B-6CAC-4A85-B450-D9DC561B5D79}.Release|iPhoneSimulator.Build.0 = Release|iPhoneSimulator
		{FA45111B-6CAC-4A85-B450-D9DC561B5D79}.Release|iPhoneSimulator.Deploy.0 = Release|iPhoneSimulator
		{D0FF0CEC-77AB-44A4-A9AC-14F950B93E74}.Debug|Any CPU.ActiveCfg = Debug|Any CPU
		{D0FF0CEC-77AB-44A4-A9AC-14F950B93E74}.Debug|Any CPU.Build.0 = Debug|Any CPU
		{D0FF0CEC-77AB-44A4-A9AC-14F950B93E74}.Debug|Any CPU.Deploy.0 = Debug|Any CPU
		{D0FF0CEC-77AB-44A4-A9AC-14F950B93E74}.Debug|iPhone.ActiveCfg = Debug|Any CPU
		{D0FF0CEC-77AB-44A4-A9AC-14F950B93E74}.Debug|iPhone.Build.0 = Debug|Any CPU
		{D0FF0CEC-77AB-44A4-A9AC-14F950B93E74}.Debug|iPhone.Deploy.0 = Debug|Any CPU
		{D0FF0CEC-77AB-44A4-A9AC-14F950B93E74}.Debug|iPhoneSimulator.ActiveCfg = Debug|Any CPU
		{D0FF0CEC-77AB-44A4-A9AC-14F950B93E74}.Debug|iPhoneSimulator.Build.0 = Debug|Any CPU
		{D0FF0CEC-77AB-44A4-A9AC-14F950B93E74}.Debug|iPhoneSimulator.Deploy.0 = Debug|Any CPU
		{D0FF0CEC-77AB-44A4-A9AC-14F950B93E74}.Release|Any CPU.ActiveCfg = Release|Any CPU
		{D0FF0CEC-77AB-44A4-A9AC-14F950B93E74}.Release|Any CPU.Build.0 = Release|Any CPU
		{D0FF0CEC-77AB-44A4-A9AC-14F950B93E74}.Release|Any CPU.Deploy.0 = Release|Any CPU
		{D0FF0CEC-77AB-44A4-A9AC-14F950B93E74}.Release|iPhone.ActiveCfg = Release|Any CPU
		{D0FF0CEC-77AB-44A4-A9AC-14F950B93E74}.Release|iPhone.Build.0 = Release|Any CPU
		{D0FF0CEC-77AB-44A4-A9AC-14F950B93E74}.Release|iPhone.Deploy.0 = Release|Any CPU
		{D0FF0CEC-77AB-44A4-A9AC-14F950B93E74}.Release|iPhoneSimulator.ActiveCfg = Release|Any CPU
		{D0FF0CEC-77AB-44A4-A9AC-14F950B93E74}.Release|iPhoneSimulator.Build.0 = Release|Any CPU
		{D0FF0CEC-77AB-44A4-A9AC-14F950B93E74}.Release|iPhoneSimulator.Deploy.0 = Release|Any CPU
	EndGlobalSection
	GlobalSection(SolutionProperties) = preSolution
		HideSolutionNode = FALSE
	EndGlobalSection
	GlobalSection(ExtensibilityGlobals) = postSolution
		SolutionGuid = {08EDC599-8581-45F4-AA8E-1589106E51C4}
	EndGlobalSection
EndGlobal
